
Microsoft Visual Studio Solution File, Format Version 12.00
# Visual Studio 15
VisualStudioVersion = 15.0.27703.2042
MinimumVisualStudioVersion = 10.0.40219.1
Project("{9A19103F-16F7-4668-BE54-9A1E7A4F7556}") = "Ivony.Data", "Ivony.Data\Ivony.Data.csproj", "{7194F8A6-428E-43FE-8DF8-FED924B1553A}"
EndProject
Project("{9A19103F-16F7-4668-BE54-9A1E7A4F7556}") = "Ivony.Data.MySql", "Ivony.Data.MySql\Ivony.Data.MySql.csproj", "{FA7ED4A1-27A0-4E2A-8AD3-223ACB95B81F}"
EndProject
Project("{9A19103F-16F7-4668-BE54-9A1E7A4F7556}") = "Ivony.Data.SqlServer", "Ivony.Data.SqlServer\Ivony.Data.SqlServer.csproj", "{592EC2B5-81AC-485E-A537-6E121BD3400F}"
EndProject
Project("{9A19103F-16F7-4668-BE54-9A1E7A4F7556}") = "Ivony.Data.Test", "Ivony.Data.Test\Ivony.Data.Test.csproj", "{FCFF20D9-3CCA-4B57-B2E0-65E8B58A6797}"
EndProject
Project("{9A19103F-16F7-4668-BE54-9A1E7A4F7556}") = "Ivony.Data.QueryBuilder", "Ivony.Data.QueryBuilder\Ivony.Data.QueryBuilder.csproj", "{AE87555E-D36D-4922-8979-A13F4A3D103D}"
EndProject
Project("{FAE04EC0-301F-11D3-BF4B-00C04F79EFBC}") = "DynamicTest", "DynamicTest\DynamicTest.csproj", "{A820C612-ACE0-4A85-8C72-9FCC6D7919B4}"
EndProject
Global
	GlobalSection(SolutionConfigurationPlatforms) = preSolution
		Debug|Any CPU = Debug|Any CPU
		Release|Any CPU = Release|Any CPU
	EndGlobalSection
	GlobalSection(ProjectConfigurationPlatforms) = postSolution
		{7194F8A6-428E-43FE-8DF8-FED924B1553A}.Debug|Any CPU.ActiveCfg = Debug|Any CPU
		{7194F8A6-428E-43FE-8DF8-FED924B1553A}.Debug|Any CPU.Build.0 = Debug|Any CPU
		{7194F8A6-428E-43FE-8DF8-FED924B1553A}.Release|Any CPU.ActiveCfg = Release|Any CPU
		{7194F8A6-428E-43FE-8DF8-FED924B1553A}.Release|Any CPU.Build.0 = Release|Any CPU
		{FA7ED4A1-27A0-4E2A-8AD3-223ACB95B81F}.Debug|Any CPU.ActiveCfg = Debug|Any CPU
		{FA7ED4A1-27A0-4E2A-8AD3-223ACB95B81F}.Debug|Any CPU.Build.0 = Debug|Any CPU
		{FA7ED4A1-27A0-4E2A-8AD3-223ACB95B81F}.Release|Any CPU.ActiveCfg = Release|Any CPU
		{FA7ED4A1-27A0-4E2A-8AD3-223ACB95B81F}.Release|Any CPU.Build.0 = Release|Any CPU
		{592EC2B5-81AC-485E-A537-6E121BD3400F}.Debug|Any CPU.ActiveCfg = Debug|Any CPU
		{592EC2B5-81AC-485E-A537-6E121BD3400F}.Debug|Any CPU.Build.0 = Debug|Any CPU
		{592EC2B5-81AC-485E-A537-6E121BD3400F}.Release|Any CPU.ActiveCfg = Release|Any CPU
		{592EC2B5-81AC-485E-A537-6E121BD3400F}.Release|Any CPU.Build.0 = Release|Any CPU
		{FCFF20D9-3CCA-4B57-B2E0-65E8B58A6797}.Debug|Any CPU.ActiveCfg = Debug|Any CPU
		{FCFF20D9-3CCA-4B57-B2E0-65E8B58A6797}.Debug|Any CPU.Build.0 = Debug|Any CPU
		{FCFF20D9-3CCA-4B57-B2E0-65E8B58A6797}.Release|Any CPU.ActiveCfg = Release|Any CPU
		{FCFF20D9-3CCA-4B57-B2E0-65E8B58A6797}.Release|Any CPU.Build.0 = Release|Any CPU
		{AE87555E-D36D-4922-8979-A13F4A3D103D}.Debug|Any CPU.ActiveCfg = Debug|Any CPU
		{AE87555E-D36D-4922-8979-A13F4A3D103D}.Debug|Any CPU.Build.0 = Debug|Any CPU
		{AE87555E-D36D-4922-8979-A13F4A3D103D}.Release|Any CPU.ActiveCfg = Release|Any CPU
		{AE87555E-D36D-4922-8979-A13F4A3D103D}.Release|Any CPU.Build.0 = Release|Any CPU
		{A820C612-ACE0-4A85-8C72-9FCC6D7919B4}.Debug|Any CPU.ActiveCfg = Debug|Any CPU
		{A820C612-ACE0-4A85-8C72-9FCC6D7919B4}.Debug|Any CPU.Build.0 = Debug|Any CPU
		{A820C612-ACE0-4A85-8C72-9FCC6D7919B4}.Release|Any CPU.ActiveCfg = Release|Any CPU
		{A820C612-ACE0-4A85-8C72-9FCC6D7919B4}.Release|Any CPU.Build.0 = Release|Any CPU
	EndGlobalSection
	GlobalSection(SolutionProperties) = preSolution
		HideSolutionNode = FALSE
	EndGlobalSection
	GlobalSection(ExtensibilityGlobals) = postSolution
		SolutionGuid = {8D0B8701-8DAF-4DF1-B380-5AC34C2C9F18}
	EndGlobalSection
EndGlobal
